// !$*UTF8*$!
{
	archiveVersion = 1;
	classes = {
	};
	objectVersion = 56;
	objects = {

/* Begin PBXBuildFile section */
		41861C522B050D2F00B33E3B /* ScrumdingerApp.swift in Sources */ = {isa = PBXBuildFile; fileRef = 41861C512B050D2F00B33E3B /* ScrumdingerApp.swift */; };
		41861C542B050D2F00B33E3B /* MeetingView.swift in Sources */ = {isa = PBXBuildFile; fileRef = 41861C532B050D2F00B33E3B /* MeetingView.swift */; };
		41861C562B050D3300B33E3B /* Assets.xcassets in Resources */ = {isa = PBXBuildFile; fileRef = 41861C552B050D3300B33E3B /* Assets.xcassets */; };
		41861C5A2B050D3300B33E3B /* Preview Assets.xcassets in Resources */ = {isa = PBXBuildFile; fileRef = 41861C592B050D3300B33E3B /* Preview Assets.xcassets */; };
		41861C642B050D3400B33E3B /* ScrumdingerTests.swift in Sources */ = {isa = PBXBuildFile; fileRef = 41861C632B050D3400B33E3B /* ScrumdingerTests.swift */; };
		41861C6E2B050D3400B33E3B /* ScrumdingerUITests.swift in Sources */ = {isa = PBXBuildFile; fileRef = 41861C6D2B050D3400B33E3B /* ScrumdingerUITests.swift */; };
		41861C702B050D3400B33E3B /* ScrumdingerUITestsLaunchTests.swift in Sources */ = {isa = PBXBuildFile; fileRef = 41861C6F2B050D3400B33E3B /* ScrumdingerUITestsLaunchTests.swift */; };
		41861C7E2B0525AF00B33E3B /* Theme.swift in Sources */ = {isa = PBXBuildFile; fileRef = 41861C7D2B0525AF00B33E3B /* Theme.swift */; };
		41861C802B05268F00B33E3B /* DailyScrum.swift in Sources */ = {isa = PBXBuildFile; fileRef = 41861C7F2B05268F00B33E3B /* DailyScrum.swift */; };
		41861C842B0528A400B33E3B /* CardView.swift in Sources */ = {isa = PBXBuildFile; fileRef = 41861C832B0528A400B33E3B /* CardView.swift */; };
		41861C862B052D3F00B33E3B /* TrailingIconLabelStyle.swift in Sources */ = {isa = PBXBuildFile; fileRef = 41861C852B052D3F00B33E3B /* TrailingIconLabelStyle.swift */; };
		41861C882B05413400B33E3B /* ScrumsView.swift in Sources */ = {isa = PBXBuildFile; fileRef = 41861C872B05413400B33E3B /* ScrumsView.swift */; };
		41861C8A2B054C1400B33E3B /* DetailView.swift in Sources */ = {isa = PBXBuildFile; fileRef = 41861C892B054C1300B33E3B /* DetailView.swift */; };
		41861C8C2B05D70D00B33E3B /* DetailEditView.swift in Sources */ = {isa = PBXBuildFile; fileRef = 41861C8B2B05D70D00B33E3B /* DetailEditView.swift */; };
		41861C902B06377B00B33E3B /* ThemeView.swift in Sources */ = {isa = PBXBuildFile; fileRef = 41861C8F2B06377B00B33E3B /* ThemeView.swift */; };
		41861C922B0638B100B33E3B /* ThemePicker.swift in Sources */ = {isa = PBXBuildFile; fileRef = 41861C912B0638B100B33E3B /* ThemePicker.swift */; };
/* End PBXBuildFile section */

/* Begin PBXContainerItemProxy section */
		41861C602B050D3400B33E3B /* PBXContainerItemProxy */ = {
			isa = PBXContainerItemProxy;
			containerPortal = 41861C462B050D2F00B33E3B /* Project object */;
			proxyType = 1;
			remoteGlobalIDString = 41861C4D2B050D2F00B33E3B;
			remoteInfo = Scrumdinger;
		};
		41861C6A2B050D3400B33E3B /* PBXContainerItemProxy */ = {
			isa = PBXContainerItemProxy;
			containerPortal = 41861C462B050D2F00B33E3B /* Project object */;
			proxyType = 1;
			remoteGlobalIDString = 41861C4D2B050D2F00B33E3B;
			remoteInfo = Scrumdinger;
		};
/* End PBXContainerItemProxy section */

/* Begin PBXFileReference section */
		41861C4E2B050D2F00B33E3B /* Scrumdinger.app */ = {isa = PBXFileReference; explicitFileType = wrapper.application; includeInIndex = 0; path = Scrumdinger.app; sourceTree = BUILT_PRODUCTS_DIR; };
		41861C512B050D2F00B33E3B /* ScrumdingerApp.swift */ = {isa = PBXFileReference; lastKnownFileType = sourcecode.swift; path = ScrumdingerApp.swift; sourceTree = "<group>"; };
		41861C532B050D2F00B33E3B /* MeetingView.swift */ = {isa = PBXFileReference; lastKnownFileType = sourcecode.swift; path = MeetingView.swift; sourceTree = "<group>"; };
		41861C552B050D3300B33E3B /* Assets.xcassets */ = {isa = PBXFileReference; lastKnownFileType = folder.assetcatalog; path = Assets.xcassets; sourceTree = "<group>"; };
		41861C572B050D3300B33E3B /* Scrumdinger.entitlements */ = {isa = PBXFileReference; lastKnownFileType = text.plist.entitlements; path = Scrumdinger.entitlements; sourceTree = "<group>"; };
		41861C592B050D3300B33E3B /* Preview Assets.xcassets */ = {isa = PBXFileReference; lastKnownFileType = folder.assetcatalog; path = "Preview Assets.xcassets"; sourceTree = "<group>"; };
		41861C5F2B050D3400B33E3B /* ScrumdingerTests.xctest */ = {isa = PBXFileReference; explicitFileType = wrapper.cfbundle; includeInIndex = 0; path = ScrumdingerTests.xctest; sourceTree = BUILT_PRODUCTS_DIR; };
		41861C632B050D3400B33E3B /* ScrumdingerTests.swift */ = {isa = PBXFileReference; lastKnownFileType = sourcecode.swift; path = ScrumdingerTests.swift; sourceTree = "<group>"; };
		41861C692B050D3400B33E3B /* ScrumdingerUITests.xctest */ = {isa = PBXFileReference; explicitFileType = wrapper.cfbundle; includeInIndex = 0; path = ScrumdingerUITests.xctest; sourceTree = BUILT_PRODUCTS_DIR; };
		41861C6D2B050D3400B33E3B /* ScrumdingerUITests.swift */ = {isa = PBXFileReference; lastKnownFileType = sourcecode.swift; path = ScrumdingerUITests.swift; sourceTree = "<group>"; };
		41861C6F2B050D3400B33E3B /* ScrumdingerUITestsLaunchTests.swift */ = {isa = PBXFileReference; lastKnownFileType = sourcecode.swift; path = ScrumdingerUITestsLaunchTests.swift; sourceTree = "<group>"; };
		41861C7D2B0525AF00B33E3B /* Theme.swift */ = {isa = PBXFileReference; lastKnownFileType = sourcecode.swift; path = Theme.swift; sourceTree = "<group>"; };
		41861C7F2B05268F00B33E3B /* DailyScrum.swift */ = {isa = PBXFileReference; lastKnownFileType = sourcecode.swift; path = DailyScrum.swift; sourceTree = "<group>"; };
		41861C832B0528A400B33E3B /* CardView.swift */ = {isa = PBXFileReference; lastKnownFileType = sourcecode.swift; path = CardView.swift; sourceTree = "<group>"; };
		41861C852B052D3F00B33E3B /* TrailingIconLabelStyle.swift */ = {isa = PBXFileReference; lastKnownFileType = sourcecode.swift; path = TrailingIconLabelStyle.swift; sourceTree = "<group>"; };
		41861C872B05413400B33E3B /* ScrumsView.swift */ = {isa = PBXFileReference; lastKnownFileType = sourcecode.swift; path = ScrumsView.swift; sourceTree = "<group>"; };
		41861C892B054C1300B33E3B /* DetailView.swift */ = {isa = PBXFileReference; lastKnownFileType = sourcecode.swift; path = DetailView.swift; sourceTree = "<group>"; };
		41861C8B2B05D70D00B33E3B /* DetailEditView.swift */ = {isa = PBXFileReference; lastKnownFileType = sourcecode.swift; path = DetailEditView.swift; sourceTree = "<group>"; };
		41861C8F2B06377B00B33E3B /* ThemeView.swift */ = {isa = PBXFileReference; lastKnownFileType = sourcecode.swift; path = ThemeView.swift; sourceTree = "<group>"; };
		41861C912B0638B100B33E3B /* ThemePicker.swift */ = {isa = PBXFileReference; lastKnownFileType = sourcecode.swift; path = ThemePicker.swift; sourceTree = "<group>"; };
/* End PBXFileReference section */

/* Begin PBXFrameworksBuildPhase section */
		41861C4B2B050D2F00B33E3B /* Frameworks */ = {
			isa = PBXFrameworksBuildPhase;
			buildActionMask = 2147483647;
			files = (
			);
			runOnlyForDeploymentPostprocessing = 0;
		};
		41861C5C2B050D3400B33E3B /* Frameworks */ = {
			isa = PBXFrameworksBuildPhase;
			buildActionMask = 2147483647;
			files = (
			);
			runOnlyForDeploymentPostprocessing = 0;
		};
		41861C662B050D3400B33E3B /* Frameworks */ = {
			isa = PBXFrameworksBuildPhase;
			buildActionMask = 2147483647;
			files = (
			);
			runOnlyForDeploymentPostprocessing = 0;
		};
/* End PBXFrameworksBuildPhase section */

/* Begin PBXGroup section */
		41861C452B050D2F00B33E3B = {
			isa = PBXGroup;
			children = (
				41861C502B050D2F00B33E3B /* Scrumdinger */,
				41861C622B050D3400B33E3B /* ScrumdingerTests */,
				41861C6C2B050D3400B33E3B /* ScrumdingerUITests */,
				41861C4F2B050D2F00B33E3B /* Products */,
			);
			sourceTree = "<group>";
		};
		41861C4F2B050D2F00B33E3B /* Products */ = {
			isa = PBXGroup;
			children = (
				41861C4E2B050D2F00B33E3B /* Scrumdinger.app */,
				41861C5F2B050D3400B33E3B /* ScrumdingerTests.xctest */,
				41861C692B050D3400B33E3B /* ScrumdingerUITests.xctest */,
			);
			name = Products;
			sourceTree = "<group>";
		};
		41861C502B050D2F00B33E3B /* Scrumdinger */ = {
			isa = PBXGroup;
			children = (
				41861C7C2B05258200B33E3B /* Models */,
				41861C512B050D2F00B33E3B /* ScrumdingerApp.swift */,
				41861C532B050D2F00B33E3B /* MeetingView.swift */,
				41861C552B050D3300B33E3B /* Assets.xcassets */,
				41861C572B050D3300B33E3B /* Scrumdinger.entitlements */,
				41861C582B050D3300B33E3B /* Preview Content */,
			);
			path = Scrumdinger;
			sourceTree = "<group>";
		};
		41861C582B050D3300B33E3B /* Preview Content */ = {
			isa = PBXGroup;
			children = (
				41861C592B050D3300B33E3B /* Preview Assets.xcassets */,
			);
			path = "Preview Content";
			sourceTree = "<group>";
		};
		41861C622B050D3400B33E3B /* ScrumdingerTests */ = {
			isa = PBXGroup;
			children = (
				41861C632B050D3400B33E3B /* ScrumdingerTests.swift */,
			);
			path = ScrumdingerTests;
			sourceTree = "<group>";
		};
		41861C6C2B050D3400B33E3B /* ScrumdingerUITests */ = {
			isa = PBXGroup;
			children = (
				41861C6D2B050D3400B33E3B /* ScrumdingerUITests.swift */,
				41861C6F2B050D3400B33E3B /* ScrumdingerUITestsLaunchTests.swift */,
			);
			path = ScrumdingerUITests;
			sourceTree = "<group>";
		};
		41861C7C2B05258200B33E3B /* Models */ = {
			isa = PBXGroup;
			children = (
				41861C7D2B0525AF00B33E3B /* Theme.swift */,
				41861C7F2B05268F00B33E3B /* DailyScrum.swift */,
				41861C832B0528A400B33E3B /* CardView.swift */,
				41861C852B052D3F00B33E3B /* TrailingIconLabelStyle.swift */,
				41861C872B05413400B33E3B /* ScrumsView.swift */,
				41861C892B054C1300B33E3B /* DetailView.swift */,
				41861C8B2B05D70D00B33E3B /* DetailEditView.swift */,
				41861C8F2B06377B00B33E3B /* ThemeView.swift */,
				41861C912B0638B100B33E3B /* ThemePicker.swift */,
			);
			path = Models;
			sourceTree = "<group>";
		};
/* End PBXGroup section */

/* Begin PBXNativeTarget section */
		41861C4D2B050D2F00B33E3B /* Scrumdinger */ = {
			isa = PBXNativeTarget;
			buildConfigurationList = 41861C732B050D3400B33E3B /* Build configuration list for PBXNativeTarget "Scrumdinger" */;
			buildPhases = (
				41861C4A2B050D2F00B33E3B /* Sources */,
				41861C4B2B050D2F00B33E3B /* Frameworks */,
				41861C4C2B050D2F00B33E3B /* Resources */,
			);
			buildRules = (
			);
			dependencies = (
			);
			name = Scrumdinger;
			productName = Scrumdinger;
			productReference = 41861C4E2B050D2F00B33E3B /* Scrumdinger.app */;
			productType = "com.apple.product-type.application";
		};
		41861C5E2B050D3400B33E3B /* ScrumdingerTests */ = {
			isa = PBXNativeTarget;
			buildConfigurationList = 41861C762B050D3400B33E3B /* Build configuration list for PBXNativeTarget "ScrumdingerTests" */;
			buildPhases = (
				41861C5B2B050D3400B33E3B /* Sources */,
				41861C5C2B050D3400B33E3B /* Frameworks */,
				41861C5D2B050D3400B33E3B /* Resources */,
			);
			buildRules = (
			);
			dependencies = (
				41861C612B050D3400B33E3B /* PBXTargetDependency */,
			);
			name = ScrumdingerTests;
			productName = ScrumdingerTests;
			productReference = 41861C5F2B050D3400B33E3B /* ScrumdingerTests.xctest */;
			productType = "com.apple.product-type.bundle.unit-test";
		};
		41861C682B050D3400B33E3B /* ScrumdingerUITests */ = {
			isa = PBXNativeTarget;
			buildConfigurationList = 41861C792B050D3400B33E3B /* Build configuration list for PBXNativeTarget "ScrumdingerUITests" */;
			buildPhases = (
				41861C652B050D3400B33E3B /* Sources */,
				41861C662B050D3400B33E3B /* Frameworks */,
				41861C672B050D3400B33E3B /* Resources */,
			);
			buildRules = (
			);
			dependencies = (
				41861C6B2B050D3400B33E3B /* PBXTargetDependency */,
			);
			name = ScrumdingerUITests;
			productName = ScrumdingerUITests;
			productReference = 41861C692B050D3400B33E3B /* ScrumdingerUITests.xctest */;
			productType = "com.apple.product-type.bundle.ui-testing";
		};
/* End PBXNativeTarget section */

/* Begin PBXProject section */
		41861C462B050D2F00B33E3B /* Project object */ = {
			isa = PBXProject;
			attributes = {
				BuildIndependentTargetsInParallel = 1;
				LastSwiftUpdateCheck = 1420;
				LastUpgradeCheck = 1420;
				TargetAttributes = {
					41861C4D2B050D2F00B33E3B = {
						CreatedOnToolsVersion = 14.2;
					};
					41861C5E2B050D3400B33E3B = {
						CreatedOnToolsVersion = 14.2;
						TestTargetID = 41861C4D2B050D2F00B33E3B;
					};
					41861C682B050D3400B33E3B = {
						CreatedOnToolsVersion = 14.2;
						TestTargetID = 41861C4D2B050D2F00B33E3B;
					};
				};
			};
			buildConfigurationList = 41861C492B050D2F00B33E3B /* Build configuration list for PBXProject "Scrumdinger" */;
			compatibilityVersion = "Xcode 14.0";
			developmentRegion = en;
			hasScannedForEncodings = 0;
			knownRegions = (
				en,
				Base,
			);
			mainGroup = 41861C452B050D2F00B33E3B;
			productRefGroup = 41861C4F2B050D2F00B33E3B /* Products */;
			projectDirPath = "";
			projectRoot = "";
			targets = (
				41861C4D2B050D2F00B33E3B /* Scrumdinger */,
				41861C5E2B050D3400B33E3B /* ScrumdingerTests */,
				41861C682B050D3400B33E3B /* ScrumdingerUITests */,
			);
		};
/* End PBXProject section */

/* Begin PBXResourcesBuildPhase section */
		41861C4C2B050D2F00B33E3B /* Resources */ = {
			isa = PBXResourcesBuildPhase;
			buildActionMask = 2147483647;
			files = (
				41861C5A2B050D3300B33E3B /* Preview Assets.xcassets in Resources */,
				41861C562B050D3300B33E3B /* Assets.xcassets in Resources */,
			);
			runOnlyForDeploymentPostprocessing = 0;
		};
		41861C5D2B050D3400B33E3B /* Resources */ = {
			isa = PBXResourcesBuildPhase;
			buildActionMask = 2147483647;
			files = (
			);
			runOnlyForDeploymentPostprocessing = 0;
		};
		41861C672B050D3400B33E3B /* Resources */ = {
			isa = PBXResourcesBuildPhase;
			buildActionMask = 2147483647;
			files = (
			);
			runOnlyForDeploymentPostprocessing = 0;
		};
/* End PBXResourcesBuildPhase section */

/* Begin PBXSourcesBuildPhase section */
		41861C4A2B050D2F00B33E3B /* Sources */ = {
			isa = PBXSourcesBuildPhase;
			buildActionMask = 2147483647;
			files = (
				41861C922B0638B100B33E3B /* ThemePicker.swift in Sources */,
				41861C802B05268F00B33E3B /* DailyScrum.swift in Sources */,
				41861C8A2B054C1400B33E3B /* DetailView.swift in Sources */,
				41861C8C2B05D70D00B33E3B /* DetailEditView.swift in Sources */,
				41861C862B052D3F00B33E3B /* TrailingIconLabelStyle.swift in Sources */,
				41861C7E2B0525AF00B33E3B /* Theme.swift in Sources */,
				41861C882B05413400B33E3B /* ScrumsView.swift in Sources */,
				41861C542B050D2F00B33E3B /* MeetingView.swift in Sources */,
				41861C522B050D2F00B33E3B /* ScrumdingerApp.swift in Sources */,
				41861C902B06377B00B33E3B /* ThemeView.swift in Sources */,
				41861C842B0528A400B33E3B /* CardView.swift in Sources */,
			);
			runOnlyForDeploymentPostprocessing = 0;
		};
		41861C5B2B050D3400B33E3B /* Sources */ = {
			isa = PBXSourcesBuildPhase;
			buildActionMask = 2147483647;
			files = (
				41861C642B050D3400B33E3B /* ScrumdingerTests.swift in Sources */,
			);
			runOnlyForDeploymentPostprocessing = 0;
		};
		41861C652B050D3400B33E3B /* Sources */ = {
			isa = PBXSourcesBuildPhase;
			buildActionMask = 2147483647;
			files = (
				41861C702B050D3400B33E3B /* ScrumdingerUITestsLaunchTests.swift in Sources */,
				41861C6E2B050D3400B33E3B /* ScrumdingerUITests.swift in Sources */,
			);
			runOnlyForDeploymentPostprocessing = 0;
		};
/* End PBXSourcesBuildPhase section */

/* Begin PBXTargetDependency section */
		41861C612B050D3400B33E3B /* PBXTargetDependency */ = {
			isa = PBXTargetDependency;
			target = 41861C4D2B050D2F00B33E3B /* Scrumdinger */;
			targetProxy = 41861C602B050D3400B33E3B /* PBXContainerItemProxy */;
		};
		41861C6B2B050D3400B33E3B /* PBXTargetDependency */ = {
			isa = PBXTargetDependency;
			target = 41861C4D2B050D2F00B33E3B /* Scrumdinger */;
			targetProxy = 41861C6A2B050D3400B33E3B /* PBXContainerItemProxy */;
		};
/* End PBXTargetDependency section */

/* Begin XCBuildConfiguration section */
		41861C712B050D3400B33E3B /* Debug */ = {
			isa = XCBuildConfiguration;
			buildSettings = {
				ALWAYS_SEARCH_USER_PATHS = NO;
				CLANG_ANALYZER_NONNULL = YES;
				CLANG_ANALYZER_NUMBER_OBJECT_CONVERSION = YES_AGGRESSIVE;
				CLANG_CXX_LANGUAGE_STANDARD = "gnu++20";
				CLANG_ENABLE_MODULES = YES;
				CLANG_ENABLE_OBJC_ARC = YES;
				CLANG_ENABLE_OBJC_WEAK = YES;
				CLANG_WARN_BLOCK_CAPTURE_AUTORELEASING = YES;
				CLANG_WARN_BOOL_CONVERSION = YES;
				CLANG_WARN_COMMA = YES;
				CLANG_WARN_CONSTANT_CONVERSION = YES;
				CLANG_WARN_DEPRECATED_OBJC_IMPLEMENTATIONS = YES;
				CLANG_WARN_DIRECT_OBJC_ISA_USAGE = YES_ERROR;
				CLANG_WARN_DOCUMENTATION_COMMENTS = YES;
				CLANG_WARN_EMPTY_BODY = YES;
				CLANG_WARN_ENUM_CONVERSION = YES;
				CLANG_WARN_INFINITE_RECURSION = YES;
				CLANG_WARN_INT_CONVERSION = YES;
				CLANG_WARN_NON_LITERAL_NULL_CONVERSION = YES;
				CLANG_WARN_OBJC_IMPLICIT_RETAIN_SELF = YES;
				CLANG_WARN_OBJC_LITERAL_CONVERSION = YES;
				CLANG_WARN_OBJC_ROOT_CLASS = YES_ERROR;
				CLANG_WARN_QUOTED_INCLUDE_IN_FRAMEWORK_HEADER = YES;
				CLANG_WARN_RANGE_LOOP_ANALYSIS = YES;
				CLANG_WARN_STRICT_PROTOTYPES = YES;
				CLANG_WARN_SUSPICIOUS_MOVE = YES;
				CLANG_WARN_UNGUARDED_AVAILABILITY = YES_AGGRESSIVE;
				CLANG_WARN_UNREACHABLE_CODE = YES;
				CLANG_WARN__DUPLICATE_METHOD_MATCH = YES;
				COPY_PHASE_STRIP = NO;
				DEBUG_INFORMATION_FORMAT = dwarf;
				ENABLE_STRICT_OBJC_MSGSEND = YES;
				ENABLE_TESTABILITY = YES;
				GCC_C_LANGUAGE_STANDARD = gnu11;
				GCC_DYNAMIC_NO_PIC = NO;
				GCC_NO_COMMON_BLOCKS = YES;
				GCC_OPTIMIZATION_LEVEL = 0;
				GCC_PREPROCESSOR_DEFINITIONS = (
					"DEBUG=1",
					"$(inherited)",
				);
				GCC_WARN_64_TO_32_BIT_CONVERSION = YES;
				GCC_WARN_ABOUT_RETURN_TYPE = YES_ERROR;
				GCC_WARN_UNDECLARED_SELECTOR = YES;
				GCC_WARN_UNINITIALIZED_AUTOS = YES_AGGRESSIVE;
				GCC_WARN_UNUSED_FUNCTION = YES;
				GCC_WARN_UNUSED_VARIABLE = YES;
				MTL_ENABLE_DEBUG_INFO = INCLUDE_SOURCE;
				MTL_FAST_MATH = YES;
				ONLY_ACTIVE_ARCH = YES;
				SWIFT_ACTIVE_COMPILATION_CONDITIONS = DEBUG;
				SWIFT_OPTIMIZATION_LEVEL = "-Onone";
			};
			name = Debug;
		};
		41861C722B050D3400B33E3B /* Release */ = {
			isa = XCBuildConfiguration;
			buildSettings = {
				ALWAYS_SEARCH_USER_PATHS = NO;
				CLANG_ANALYZER_NONNULL = YES;
				CLANG_ANALYZER_NUMBER_OBJECT_CONVERSION = YES_AGGRESSIVE;
				CLANG_CXX_LANGUAGE_STANDARD = "gnu++20";
				CLANG_ENABLE_MODULES = YES;
				CLANG_ENABLE_OBJC_ARC = YES;
				CLANG_ENABLE_OBJC_WEAK = YES;
				CLANG_WARN_BLOCK_CAPTURE_AUTORELEASING = YES;
				CLANG_WARN_BOOL_CONVERSION = YES;
				CLANG_WARN_COMMA = YES;
				CLANG_WARN_CONSTANT_CONVERSION = YES;
				CLANG_WARN_DEPRECATED_OBJC_IMPLEMENTATIONS = YES;
				CLANG_WARN_DIRECT_OBJC_ISA_USAGE = YES_ERROR;
				CLANG_WARN_DOCUMENTATION_COMMENTS = YES;
				CLANG_WARN_EMPTY_BODY = YES;
				CLANG_WARN_ENUM_CONVERSION = YES;
				CLANG_WARN_INFINITE_RECURSION = YES;
				CLANG_WARN_INT_CONVERSION = YES;
				CLANG_WARN_NON_LITERAL_NULL_CONVERSION = YES;
				CLANG_WARN_OBJC_IMPLICIT_RETAIN_SELF = YES;
				CLANG_WARN_OBJC_LITERAL_CONVERSION = YES;
				CLANG_WARN_OBJC_ROOT_CLASS = YES_ERROR;
				CLANG_WARN_QUOTED_INCLUDE_IN_FRAMEWORK_HEADER = YES;
				CLANG_WARN_RANGE_LOOP_ANALYSIS = YES;
				CLANG_WARN_STRICT_PROTOTYPES = YES;
				CLANG_WARN_SUSPICIOUS_MOVE = YES;
				CLANG_WARN_UNGUARDED_AVAILABILITY = YES_AGGRESSIVE;
				CLANG_WARN_UNREACHABLE_CODE = YES;
				CLANG_WARN__DUPLICATE_METHOD_MATCH = YES;
				COPY_PHASE_STRIP = NO;
				DEBUG_INFORMATION_FORMAT = "dwarf-with-dsym";
				ENABLE_NS_ASSERTIONS = NO;
				ENABLE_STRICT_OBJC_MSGSEND = YES;
				GCC_C_LANGUAGE_STANDARD = gnu11;
				GCC_NO_COMMON_BLOCKS = YES;
				GCC_WARN_64_TO_32_BIT_CONVERSION = YES;
				GCC_WARN_ABOUT_RETURN_TYPE = YES_ERROR;
				GCC_WARN_UNDECLARED_SELECTOR = YES;
				GCC_WARN_UNINITIALIZED_AUTOS = YES_AGGRESSIVE;
				GCC_WARN_UNUSED_FUNCTION = YES;
				GCC_WARN_UNUSED_VARIABLE = YES;
				MTL_ENABLE_DEBUG_INFO = NO;
				MTL_FAST_MATH = YES;
				SWIFT_COMPILATION_MODE = wholemodule;
				SWIFT_OPTIMIZATION_LEVEL = "-O";
			};
			name = Release;
		};
		41861C742B050D3400B33E3B /* Debug */ = {
			isa = XCBuildConfiguration;
			buildSettings = {
				ASSETCATALOG_COMPILER_APPICON_NAME = AppIcon;
				ASSETCATALOG_COMPILER_GLOBAL_ACCENT_COLOR_NAME = AccentColor;
				CODE_SIGN_ENTITLEMENTS = Scrumdinger/Scrumdinger.entitlements;
				CODE_SIGN_STYLE = Automatic;
				CURRENT_PROJECT_VERSION = 1;
				DEVELOPMENT_ASSET_PATHS = "\"Scrumdinger/Preview Content\"";
				ENABLE_PREVIEWS = YES;
				GENERATE_INFOPLIST_FILE = YES;
				"INFOPLIST_KEY_UIApplicationSceneManifest_Generation[sdk=iphoneos*]" = YES;
				"INFOPLIST_KEY_UIApplicationSceneManifest_Generation[sdk=iphonesimulator*]" = YES;
				"INFOPLIST_KEY_UIApplicationSupportsIndirectInputEvents[sdk=iphoneos*]" = YES;
				"INFOPLIST_KEY_UIApplicationSupportsIndirectInputEvents[sdk=iphonesimulator*]" = YES;
				"INFOPLIST_KEY_UILaunchScreen_Generation[sdk=iphoneos*]" = YES;
				"INFOPLIST_KEY_UILaunchScreen_Generation[sdk=iphonesimulator*]" = YES;
				"INFOPLIST_KEY_UIStatusBarStyle[sdk=iphoneos*]" = UIStatusBarStyleDefault;
				"INFOPLIST_KEY_UIStatusBarStyle[sdk=iphonesimulator*]" = UIStatusBarStyleDefault;
				INFOPLIST_KEY_UISupportedInterfaceOrientations_iPad = "UIInterfaceOrientationPortrait UIInterfaceOrientationPortraitUpsideDown UIInterfaceOrientationLandscapeLeft UIInterfaceOrientationLandscapeRight";
				INFOPLIST_KEY_UISupportedInterfaceOrientations_iPhone = "UIInterfaceOrientationPortrait UIInterfaceOrientationLandscapeLeft UIInterfaceOrientationLandscapeRight";
				IPHONEOS_DEPLOYMENT_TARGET = 16.2;
				LD_RUNPATH_SEARCH_PATHS = "@executable_path/Frameworks";
				"LD_RUNPATH_SEARCH_PATHS[sdk=macosx*]" = "@executable_path/../Frameworks";
				MACOSX_DEPLOYMENT_TARGET = 12.7;
				MARKETING_VERSION = 1.0;
				PRODUCT_BUNDLE_IDENTIFIER = com.example.Scrumdinger;
				PRODUCT_NAME = "$(TARGET_NAME)";
				SDKROOT = auto;
				SUPPORTED_PLATFORMS = "iphoneos iphonesimulator macosx";
				SWIFT_EMIT_LOC_STRINGS = YES;
				SWIFT_VERSION = 5.0;
				TARGETED_DEVICE_FAMILY = "1,2";
			};
			name = Debug;
		};
		41861C752B050D3400B33E3B /* Release */ = {
			isa = XCBuildConfiguration;
			buildSettings = {
				ASSETCATALOG_COMPILER_APPICON_NAME = AppIcon;
				ASSETCATALOG_COMPILER_GLOBAL_ACCENT_COLOR_NAME = AccentColor;
				CODE_SIGN_ENTITLEMENTS = Scrumdinger/Scrumdinger.entitlements;
				CODE_SIGN_STYLE = Automatic;
				CURRENT_PROJECT_VERSION = 1;
				DEVELOPMENT_ASSET_PATHS = "\"Scrumdinger/Preview Content\"";
				ENABLE_PREVIEWS = YES;
				GENERATE_INFOPLIST_FILE = YES;
				"INFOPLIST_KEY_UIApplicationSceneManifest_Generation[sdk=iphoneos*]" = YES;
				"INFOPLIST_KEY_UIApplicationSceneManifest_Generation[sdk=iphonesimulator*]" = YES;
				"INFOPLIST_KEY_UIApplicationSupportsIndirectInputEvents[sdk=iphoneos*]" = YES;
				"INFOPLIST_KEY_UIApplicationSupportsIndirectInputEvents[sdk=iphonesimulator*]" = YES;
				"INFOPLIST_KEY_UILaunchScreen_Generation[sdk=iphoneos*]" = YES;
				"INFOPLIST_KEY_UILaunchScreen_Generation[sdk=iphonesimulator*]" = YES;
				"INFOPLIST_KEY_UIStatusBarStyle[sdk=iphoneos*]" = UIStatusBarStyleDefault;
				"INFOPLIST_KEY_UIStatusBarStyle[sdk=iphonesimulator*]" = UIStatusBarStyleDefault;
				INFOPLIST_KEY_UISupportedInterfaceOrientations_iPad = "UIInterfaceOrientationPortrait UIInterfaceOrientationPortraitUpsideDown UIInterfaceOrientationLandscapeLeft UIInterfaceOrientationLandscapeRight";
				INFOPLIST_KEY_UISupportedInterfaceOrientations_iPhone = "UIInterfaceOrientationPortrait UIInterfaceOrientationLandscapeLeft UIInterfaceOrientationLandscapeRight";
				IPHONEOS_DEPLOYMENT_TARGET = 16.2;
				LD_RUNPATH_SEARCH_PATHS = "@executable_path/Frameworks";
				"LD_RUNPATH_SEARCH_PATHS[sdk=macosx*]" = "@executable_path/../Frameworks";
				MACOSX_DEPLOYMENT_TARGET = 12.7;
				MARKETING_VERSION = 1.0;
				PRODUCT_BUNDLE_IDENTIFIER = com.example.Scrumdinger;
				PRODUCT_NAME = "$(TARGET_NAME)";
				SDKROOT = auto;
				SUPPORTED_PLATFORMS = "iphoneos iphonesimulator macosx";
				SWIFT_EMIT_LOC_STRINGS = YES;
				SWIFT_VERSION = 5.0;
				TARGETED_DEVICE_FAMILY = "1,2";
			};
			name = Release;
		};
		41861C772B050D3400B33E3B /* Debug */ = {
			isa = XCBuildConfiguration;
			buildSettings = {
				ALWAYS_EMBED_SWIFT_STANDARD_LIBRARIES = YES;
				BUNDLE_LOADER = "$(TEST_HOST)";
				CODE_SIGN_STYLE = Automatic;
				CURRENT_PROJECT_VERSION = 1;
				GENERATE_INFOPLIST_FILE = YES;
				IPHONEOS_DEPLOYMENT_TARGET = 16.2;
				MACOSX_DEPLOYMENT_TARGET = 12.7;
				MARKETING_VERSION = 1.0;
				PRODUCT_BUNDLE_IDENTIFIER = com.example.ScrumdingerTests;
				PRODUCT_NAME = "$(TARGET_NAME)";
				SDKROOT = auto;
				SUPPORTED_PLATFORMS = "iphoneos iphonesimulator macosx";
				SWIFT_EMIT_LOC_STRINGS = NO;
				SWIFT_VERSION = 5.0;
				TARGETED_DEVICE_FAMILY = "1,2";
				TEST_HOST = "$(BUILT_PRODUCTS_DIR)/Scrumdinger.app/$(BUNDLE_EXECUTABLE_FOLDER_PATH)/Scrumdinger";
			};
			name = Debug;
		};
		41861C782B050D3400B33E3B /* Release */ = {
			isa = XCBuildConfiguration;
			buildSettings = {
				ALWAYS_EMBED_SWIFT_STANDARD_LIBRARIES = YES;
				BUNDLE_LOADER = "$(TEST_HOST)";
				CODE_SIGN_STYLE = Automatic;
				CURRENT_PROJECT_VERSION = 1;
				GENERATE_INFOPLIST_FILE = YES;
				IPHONEOS_DEPLOYMENT_TARGET = 16.2;
				MACOSX_DEPLOYMENT_TARGET = 12.7;
				MARKETING_VERSION = 1.0;
				PRODUCT_BUNDLE_IDENTIFIER = com.example.ScrumdingerTests;
				PRODUCT_NAME = "$(TARGET_NAME)";
				SDKROOT = auto;
				SUPPORTED_PLATFORMS = "iphoneos iphonesimulator macosx";
				SWIFT_EMIT_LOC_STRINGS = NO;
				SWIFT_VERSION = 5.0;
				TARGETED_DEVICE_FAMILY = "1,2";
				TEST_HOST = "$(BUILT_PRODUCTS_DIR)/Scrumdinger.app/$(BUNDLE_EXECUTABLE_FOLDER_PATH)/Scrumdinger";
			};
			name = Release;
		};
		41861C7A2B050D3400B33E3B /* Debug */ = {
			isa = XCBuildConfiguration;
			buildSettings = {
				ALWAYS_EMBED_SWIFT_STANDARD_LIBRARIES = YES;
				CODE_SIGN_STYLE = Automatic;
				CURRENT_PROJECT_VERSION = 1;
				GENERATE_INFOPLIST_FILE = YES;
				IPHONEOS_DEPLOYMENT_TARGET = 16.2;
				MACOSX_DEPLOYMENT_TARGET = 12.7;
				MARKETING_VERSION = 1.0;
				PRODUCT_BUNDLE_IDENTIFIER = com.example.ScrumdingerUITests;
				PRODUCT_NAME = "$(TARGET_NAME)";
				SDKROOT = auto;
				SUPPORTED_PLATFORMS = "iphoneos iphonesimulator macosx";
				SWIFT_EMIT_LOC_STRINGS = NO;
				SWIFT_VERSION = 5.0;
				TARGETED_DEVICE_FAMILY = "1,2";
				TEST_TARGET_NAME = Scrumdinger;
			};
			name = Debug;
		};
		41861C7B2B050D3400B33E3B /* Release */ = {
			isa = XCBuildConfiguration;
			buildSettings = {
				ALWAYS_EMBED_SWIFT_STANDARD_LIBRARIES = YES;
				CODE_SIGN_STYLE = Automatic;
				CURRENT_PROJECT_VERSION = 1;
				GENERATE_INFOPLIST_FILE = YES;
				IPHONEOS_DEPLOYMENT_TARGET = 16.2;
				MACOSX_DEPLOYMENT_TARGET = 12.7;
				MARKETING_VERSION = 1.0;
				PRODUCT_BUNDLE_IDENTIFIER = com.example.ScrumdingerUITests;
				PRODUCT_NAME = "$(TARGET_NAME)";
				SDKROOT = auto;
				SUPPORTED_PLATFORMS = "iphoneos iphonesimulator macosx";
				SWIFT_EMIT_LOC_STRINGS = NO;
				SWIFT_VERSION = 5.0;
				TARGETED_DEVICE_FAMILY = "1,2";
				TEST_TARGET_NAME = Scrumdinger;
			};
			name = Release;
		};
/* End XCBuildConfiguration section */

/* Begin XCConfigurationList section */
		41861C492B050D2F00B33E3B /* Build configuration list for PBXProject "Scrumdinger" */ = {
			isa = XCConfigurationList;
			buildConfigurations = (
				41861C712B050D3400B33E3B /* Debug */,
				41861C722B050D3400B33E3B /* Release */,
			);
			defaultConfigurationIsVisible = 0;
			defaultConfigurationName = Release;
		};
		41861C732B050D3400B33E3B /* Build configuration list for PBXNativeTarget "Scrumdinger" */ = {
			isa = XCConfigurationList;
			buildConfigurations = (
				41861C742B050D3400B33E3B /* Debug */,
				41861C752B050D3400B33E3B /* Release */,
			);
			defaultConfigurationIsVisible = 0;
			defaultConfigurationName = Release;
		};
		41861C762B050D3400B33E3B /* Build configuration list for PBXNativeTarget "ScrumdingerTests" */ = {
			isa = XCConfigurationList;
			buildConfigurations = (
				41861C772B050D3400B33E3B /* Debug */,
				41861C782B050D3400B33E3B /* Release */,
			);
			defaultConfigurationIsVisible = 0;
			defaultConfigurationName = Release;
		};
		41861C792B050D3400B33E3B /* Build configuration list for PBXNativeTarget "ScrumdingerUITests" */ = {
			isa = XCConfigurationList;
			buildConfigurations = (
				41861C7A2B050D3400B33E3B /* Debug */,
				41861C7B2B050D3400B33E3B /* Release */,
			);
			defaultConfigurationIsVisible = 0;
			defaultConfigurationName = Release;
		};
/* End XCConfigurationList section */
	};
	rootObject = 41861C462B050D2F00B33E3B /* Project object */;
}
